{
  "requires": true,
  "lockfileVersion": 1,
  "dependencies": {
    "types-registry": {
      "version": "0.1.699",
      "resolved": "https://registry.npmjs.org/types-registry/-/types-registry-0.1.699.tgz",
      "integrity": "sha512-IAiKo9SapdnbSnk6JnZTT+gWGpPRmwAtxhsWEfFR+yNOQl4ijRy2IBUJFG928u0wwX56P+6R3ZpzcooFFk3Ltg=="
    }
  }
}
